
Microsoft Visual Studio Solution File, Format Version 12.00
# Visual Studio 15
VisualStudioVersion = 15.0.27130.2027
MinimumVisualStudioVersion = 15.0.26124.0
Project("{9A19103F-16F7-4668-BE54-9A1E7A4F7556}") = "kata.GameOfLife", "kata.GameOfLife\kata.GameOfLife.csproj", "{1B26858B-C7F3-44AD-8408-D71EE95F261D}"
EndProject
Project("{9A19103F-16F7-4668-BE54-9A1E7A4F7556}") = "kata.GameOfLife.tests", "kata.GameOfLife.tests\kata.GameOfLife.tests.csproj", "{38AF1420-C192-4967-9913-73EFFA60386D}"
EndProject
Project("{FAE04EC0-301F-11D3-BF4B-00C04F79EFBC}") = "kata.GameOfLife.Wpf", "kata.GameOfLife.Wpf\kata.GameOfLife.Wpf.csproj", "{B6F9293F-78D9-4D76-B0C3-B6AC5AD95C62}"
EndProject
Global
	GlobalSection(SolutionConfigurationPlatforms) = preSolution
		Debug|Any CPU = Debug|Any CPU
		Debug|x64 = Debug|x64
		Debug|x86 = Debug|x86
		Release|Any CPU = Release|Any CPU
		Release|x64 = Release|x64
		Release|x86 = Release|x86
	EndGlobalSection
	GlobalSection(ProjectConfigurationPlatforms) = postSolution
		{1B26858B-C7F3-44AD-8408-D71EE95F261D}.Debug|Any CPU.ActiveCfg = Debug|Any CPU
		{1B26858B-C7F3-44AD-8408-D71EE95F261D}.Debug|Any CPU.Build.0 = Debug|Any CPU
		{1B26858B-C7F3-44AD-8408-D71EE95F261D}.Debug|x64.ActiveCfg = Debug|Any CPU
		{1B26858B-C7F3-44AD-8408-D71EE95F261D}.Debug|x64.Build.0 = Debug|Any CPU
		{1B26858B-C7F3-44AD-8408-D71EE95F261D}.Debug|x86.ActiveCfg = Debug|Any CPU
		{1B26858B-C7F3-44AD-8408-D71EE95F261D}.Debug|x86.Build.0 = Debug|Any CPU
		{1B26858B-C7F3-44AD-8408-D71EE95F261D}.Release|Any CPU.ActiveCfg = Release|Any CPU
		{1B26858B-C7F3-44AD-8408-D71EE95F261D}.Release|Any CPU.Build.0 = Release|Any CPU
		{1B26858B-C7F3-44AD-8408-D71EE95F261D}.Release|x64.ActiveCfg = Release|Any CPU
		{1B26858B-C7F3-44AD-8408-D71EE95F261D}.Release|x64.Build.0 = Release|Any CPU
		{1B26858B-C7F3-44AD-8408-D71EE95F261D}.Release|x86.ActiveCfg = Release|Any CPU
		{1B26858B-C7F3-44AD-8408-D71EE95F261D}.Release|x86.Build.0 = Release|Any CPU
		{38AF1420-C192-4967-9913-73EFFA60386D}.Debug|Any CPU.ActiveCfg = Debug|Any CPU
		{38AF1420-C192-4967-9913-73EFFA60386D}.Debug|Any CPU.Build.0 = Debug|Any CPU
		{38AF1420-C192-4967-9913-73EFFA60386D}.Debug|x64.ActiveCfg = Debug|Any CPU
		{38AF1420-C192-4967-9913-73EFFA60386D}.Debug|x64.Build.0 = Debug|Any CPU
		{38AF1420-C192-4967-9913-73EFFA60386D}.Debug|x86.ActiveCfg = Debug|Any CPU
		{38AF1420-C192-4967-9913-73EFFA60386D}.Debug|x86.Build.0 = Debug|Any CPU
		{38AF1420-C192-4967-9913-73EFFA60386D}.Release|Any CPU.ActiveCfg = Release|Any CPU
		{38AF1420-C192-4967-9913-73EFFA60386D}.Release|Any CPU.Build.0 = Release|Any CPU
		{38AF1420-C192-4967-9913-73EFFA60386D}.Release|x64.ActiveCfg = Release|Any CPU
		{38AF1420-C192-4967-9913-73EFFA60386D}.Release|x64.Build.0 = Release|Any CPU
		{38AF1420-C192-4967-9913-73EFFA60386D}.Release|x86.ActiveCfg = Release|Any CPU
		{38AF1420-C192-4967-9913-73EFFA60386D}.Release|x86.Build.0 = Release|Any CPU
		{B6F9293F-78D9-4D76-B0C3-B6AC5AD95C62}.Debug|Any CPU.ActiveCfg = Debug|Any CPU
		{B6F9293F-78D9-4D76-B0C3-B6AC5AD95C62}.Debug|Any CPU.Build.0 = Debug|Any CPU
		{B6F9293F-78D9-4D76-B0C3-B6AC5AD95C62}.Debug|x64.ActiveCfg = Debug|Any CPU
		{B6F9293F-78D9-4D76-B0C3-B6AC5AD95C62}.Debug|x64.Build.0 = Debug|Any CPU
		{B6F9293F-78D9-4D76-B0C3-B6AC5AD95C62}.Debug|x86.ActiveCfg = Debug|Any CPU
		{B6F9293F-78D9-4D76-B0C3-B6AC5AD95C62}.Debug|x86.Build.0 = Debug|Any CPU
		{B6F9293F-78D9-4D76-B0C3-B6AC5AD95C62}.Release|Any CPU.ActiveCfg = Release|Any CPU
		{B6F9293F-78D9-4D76-B0C3-B6AC5AD95C62}.Release|Any CPU.Build.0 = Release|Any CPU
		{B6F9293F-78D9-4D76-B0C3-B6AC5AD95C62}.Release|x64.ActiveCfg = Release|Any CPU
		{B6F9293F-78D9-4D76-B0C3-B6AC5AD95C62}.Release|x64.Build.0 = Release|Any CPU
		{B6F9293F-78D9-4D76-B0C3-B6AC5AD95C62}.Release|x86.ActiveCfg = Release|Any CPU
		{B6F9293F-78D9-4D76-B0C3-B6AC5AD95C62}.Release|x86.Build.0 = Release|Any CPU
	EndGlobalSection
	GlobalSection(SolutionProperties) = preSolution
		HideSolutionNode = FALSE
	EndGlobalSection
	GlobalSection(ExtensibilityGlobals) = postSolution
		SolutionGuid = {A499C23D-48BB-4331-88AC-4C561B91A90C}
	EndGlobalSection
EndGlobal
