
Microsoft Visual Studio Solution File, Format Version 12.00
# Visual Studio 15
VisualStudioVersion = 15.0.26124.0
MinimumVisualStudioVersion = 15.0.26124.0
Project("{FAE04EC0-301F-11D3-BF4B-00C04F79EFBC}") = "Kata.Rover", "Kata.Rover\Kata.Rover.csproj", "{5616C154-313F-4A28-BA0F-CA22FFEDD998}"
EndProject
Project("{FAE04EC0-301F-11D3-BF4B-00C04F79EFBC}") = "Kata.Rover.Tests", "Kata.Rover.Tests\Kata.Rover.Tests.csproj", "{BDDA8A9B-6D8B-4134-9612-F4202A28DE95}"
EndProject
Global
	GlobalSection(SolutionConfigurationPlatforms) = preSolution
		Debug|Any CPU = Debug|Any CPU
		Debug|x64 = Debug|x64
		Debug|x86 = Debug|x86
		Release|Any CPU = Release|Any CPU
		Release|x64 = Release|x64
		Release|x86 = Release|x86
	EndGlobalSection
	GlobalSection(SolutionProperties) = preSolution
		HideSolutionNode = FALSE
	EndGlobalSection
	GlobalSection(ProjectConfigurationPlatforms) = postSolution
		{5616C154-313F-4A28-BA0F-CA22FFEDD998}.Debug|Any CPU.ActiveCfg = Debug|Any CPU
		{5616C154-313F-4A28-BA0F-CA22FFEDD998}.Debug|Any CPU.Build.0 = Debug|Any CPU
		{5616C154-313F-4A28-BA0F-CA22FFEDD998}.Debug|x64.ActiveCfg = Debug|x64
		{5616C154-313F-4A28-BA0F-CA22FFEDD998}.Debug|x64.Build.0 = Debug|x64
		{5616C154-313F-4A28-BA0F-CA22FFEDD998}.Debug|x86.ActiveCfg = Debug|x86
		{5616C154-313F-4A28-BA0F-CA22FFEDD998}.Debug|x86.Build.0 = Debug|x86
		{5616C154-313F-4A28-BA0F-CA22FFEDD998}.Release|Any CPU.ActiveCfg = Release|Any CPU
		{5616C154-313F-4A28-BA0F-CA22FFEDD998}.Release|Any CPU.Build.0 = Release|Any CPU
		{5616C154-313F-4A28-BA0F-CA22FFEDD998}.Release|x64.ActiveCfg = Release|x64
		{5616C154-313F-4A28-BA0F-CA22FFEDD998}.Release|x64.Build.0 = Release|x64
		{5616C154-313F-4A28-BA0F-CA22FFEDD998}.Release|x86.ActiveCfg = Release|x86
		{5616C154-313F-4A28-BA0F-CA22FFEDD998}.Release|x86.Build.0 = Release|x86
		{BDDA8A9B-6D8B-4134-9612-F4202A28DE95}.Debug|Any CPU.ActiveCfg = Debug|Any CPU
		{BDDA8A9B-6D8B-4134-9612-F4202A28DE95}.Debug|Any CPU.Build.0 = Debug|Any CPU
		{BDDA8A9B-6D8B-4134-9612-F4202A28DE95}.Debug|x64.ActiveCfg = Debug|x64
		{BDDA8A9B-6D8B-4134-9612-F4202A28DE95}.Debug|x64.Build.0 = Debug|x64
		{BDDA8A9B-6D8B-4134-9612-F4202A28DE95}.Debug|x86.ActiveCfg = Debug|x86
		{BDDA8A9B-6D8B-4134-9612-F4202A28DE95}.Debug|x86.Build.0 = Debug|x86
		{BDDA8A9B-6D8B-4134-9612-F4202A28DE95}.Release|Any CPU.ActiveCfg = Release|Any CPU
		{BDDA8A9B-6D8B-4134-9612-F4202A28DE95}.Release|Any CPU.Build.0 = Release|Any CPU
		{BDDA8A9B-6D8B-4134-9612-F4202A28DE95}.Release|x64.ActiveCfg = Release|x64
		{BDDA8A9B-6D8B-4134-9612-F4202A28DE95}.Release|x64.Build.0 = Release|x64
		{BDDA8A9B-6D8B-4134-9612-F4202A28DE95}.Release|x86.ActiveCfg = Release|x86
		{BDDA8A9B-6D8B-4134-9612-F4202A28DE95}.Release|x86.Build.0 = Release|x86
	EndGlobalSection
EndGlobal
