
Microsoft Visual Studio Solution File, Format Version 12.00
# Visual Studio 15
VisualStudioVersion = 15.0.26124.0
MinimumVisualStudioVersion = 15.0.26124.0
Project("{FAE04EC0-301F-11D3-BF4B-00C04F79EFBC}") = "CodeWars.Kata.ComplementaryDNA", "CodeWars.Kata.ComplementaryDNA\CodeWars.Kata.ComplementaryDNA.csproj", "{59DB18AD-6D62-48AD-8FA0-099C25A03A8A}"
EndProject
Project("{FAE04EC0-301F-11D3-BF4B-00C04F79EFBC}") = "CodeWars.Kata.ComplementaryDNA.tests", "CodeWars.Kata.ComplementaryDNA.tests\CodeWars.Kata.ComplementaryDNA.tests.csproj", "{CEF105F1-AC31-4647-B0CE-5C00DF9BF908}"
EndProject
Global
	GlobalSection(SolutionConfigurationPlatforms) = preSolution
		Debug|Any CPU = Debug|Any CPU
		Debug|x64 = Debug|x64
		Debug|x86 = Debug|x86
		Release|Any CPU = Release|Any CPU
		Release|x64 = Release|x64
		Release|x86 = Release|x86
	EndGlobalSection
	GlobalSection(SolutionProperties) = preSolution
		HideSolutionNode = FALSE
	EndGlobalSection
	GlobalSection(ProjectConfigurationPlatforms) = postSolution
		{59DB18AD-6D62-48AD-8FA0-099C25A03A8A}.Debug|Any CPU.ActiveCfg = Debug|Any CPU
		{59DB18AD-6D62-48AD-8FA0-099C25A03A8A}.Debug|Any CPU.Build.0 = Debug|Any CPU
		{59DB18AD-6D62-48AD-8FA0-099C25A03A8A}.Debug|x64.ActiveCfg = Debug|Any CPU
		{59DB18AD-6D62-48AD-8FA0-099C25A03A8A}.Debug|x64.Build.0 = Debug|Any CPU
		{59DB18AD-6D62-48AD-8FA0-099C25A03A8A}.Debug|x86.ActiveCfg = Debug|Any CPU
		{59DB18AD-6D62-48AD-8FA0-099C25A03A8A}.Debug|x86.Build.0 = Debug|Any CPU
		{59DB18AD-6D62-48AD-8FA0-099C25A03A8A}.Release|Any CPU.ActiveCfg = Release|Any CPU
		{59DB18AD-6D62-48AD-8FA0-099C25A03A8A}.Release|Any CPU.Build.0 = Release|Any CPU
		{59DB18AD-6D62-48AD-8FA0-099C25A03A8A}.Release|x64.ActiveCfg = Release|Any CPU
		{59DB18AD-6D62-48AD-8FA0-099C25A03A8A}.Release|x64.Build.0 = Release|Any CPU
		{59DB18AD-6D62-48AD-8FA0-099C25A03A8A}.Release|x86.ActiveCfg = Release|Any CPU
		{59DB18AD-6D62-48AD-8FA0-099C25A03A8A}.Release|x86.Build.0 = Release|Any CPU
		{CEF105F1-AC31-4647-B0CE-5C00DF9BF908}.Debug|Any CPU.ActiveCfg = Debug|Any CPU
		{CEF105F1-AC31-4647-B0CE-5C00DF9BF908}.Debug|Any CPU.Build.0 = Debug|Any CPU
		{CEF105F1-AC31-4647-B0CE-5C00DF9BF908}.Debug|x64.ActiveCfg = Debug|Any CPU
		{CEF105F1-AC31-4647-B0CE-5C00DF9BF908}.Debug|x64.Build.0 = Debug|Any CPU
		{CEF105F1-AC31-4647-B0CE-5C00DF9BF908}.Debug|x86.ActiveCfg = Debug|Any CPU
		{CEF105F1-AC31-4647-B0CE-5C00DF9BF908}.Debug|x86.Build.0 = Debug|Any CPU
		{CEF105F1-AC31-4647-B0CE-5C00DF9BF908}.Release|Any CPU.ActiveCfg = Release|Any CPU
		{CEF105F1-AC31-4647-B0CE-5C00DF9BF908}.Release|Any CPU.Build.0 = Release|Any CPU
		{CEF105F1-AC31-4647-B0CE-5C00DF9BF908}.Release|x64.ActiveCfg = Release|Any CPU
		{CEF105F1-AC31-4647-B0CE-5C00DF9BF908}.Release|x64.Build.0 = Release|Any CPU
		{CEF105F1-AC31-4647-B0CE-5C00DF9BF908}.Release|x86.ActiveCfg = Release|Any CPU
		{CEF105F1-AC31-4647-B0CE-5C00DF9BF908}.Release|x86.Build.0 = Release|Any CPU
	EndGlobalSection
EndGlobal
