
Microsoft Visual Studio Solution File, Format Version 12.00
# Visual Studio 15
VisualStudioVersion = 15.0.26124.0
MinimumVisualStudioVersion = 15.0.26124.0
Project("{FAE04EC0-301F-11D3-BF4B-00C04F79EFBC}") = "kata.tictactoe", "kata.tictactoe\kata.tictactoe.csproj", "{70E475AB-134F-4998-B799-52820D63317B}"
EndProject
Project("{FAE04EC0-301F-11D3-BF4B-00C04F79EFBC}") = "kata.tictactoe.tests", "kata.tictactoe.tests\kata.tictactoe.tests.csproj", "{F41E3744-0D5E-479C-97A4-0D732D8A3B67}"
EndProject
Global
	GlobalSection(SolutionConfigurationPlatforms) = preSolution
		Debug|Any CPU = Debug|Any CPU
		Debug|x64 = Debug|x64
		Debug|x86 = Debug|x86
		Release|Any CPU = Release|Any CPU
		Release|x64 = Release|x64
		Release|x86 = Release|x86
	EndGlobalSection
	GlobalSection(SolutionProperties) = preSolution
		HideSolutionNode = FALSE
	EndGlobalSection
	GlobalSection(ProjectConfigurationPlatforms) = postSolution
		{70E475AB-134F-4998-B799-52820D63317B}.Debug|Any CPU.ActiveCfg = Debug|Any CPU
		{70E475AB-134F-4998-B799-52820D63317B}.Debug|Any CPU.Build.0 = Debug|Any CPU
		{70E475AB-134F-4998-B799-52820D63317B}.Debug|x64.ActiveCfg = Debug|Any CPU
		{70E475AB-134F-4998-B799-52820D63317B}.Debug|x64.Build.0 = Debug|Any CPU
		{70E475AB-134F-4998-B799-52820D63317B}.Debug|x86.ActiveCfg = Debug|Any CPU
		{70E475AB-134F-4998-B799-52820D63317B}.Debug|x86.Build.0 = Debug|Any CPU
		{70E475AB-134F-4998-B799-52820D63317B}.Release|Any CPU.ActiveCfg = Release|Any CPU
		{70E475AB-134F-4998-B799-52820D63317B}.Release|Any CPU.Build.0 = Release|Any CPU
		{70E475AB-134F-4998-B799-52820D63317B}.Release|x64.ActiveCfg = Release|Any CPU
		{70E475AB-134F-4998-B799-52820D63317B}.Release|x64.Build.0 = Release|Any CPU
		{70E475AB-134F-4998-B799-52820D63317B}.Release|x86.ActiveCfg = Release|Any CPU
		{70E475AB-134F-4998-B799-52820D63317B}.Release|x86.Build.0 = Release|Any CPU
		{F41E3744-0D5E-479C-97A4-0D732D8A3B67}.Debug|Any CPU.ActiveCfg = Debug|Any CPU
		{F41E3744-0D5E-479C-97A4-0D732D8A3B67}.Debug|Any CPU.Build.0 = Debug|Any CPU
		{F41E3744-0D5E-479C-97A4-0D732D8A3B67}.Debug|x64.ActiveCfg = Debug|Any CPU
		{F41E3744-0D5E-479C-97A4-0D732D8A3B67}.Debug|x64.Build.0 = Debug|Any CPU
		{F41E3744-0D5E-479C-97A4-0D732D8A3B67}.Debug|x86.ActiveCfg = Debug|Any CPU
		{F41E3744-0D5E-479C-97A4-0D732D8A3B67}.Debug|x86.Build.0 = Debug|Any CPU
		{F41E3744-0D5E-479C-97A4-0D732D8A3B67}.Release|Any CPU.ActiveCfg = Release|Any CPU
		{F41E3744-0D5E-479C-97A4-0D732D8A3B67}.Release|Any CPU.Build.0 = Release|Any CPU
		{F41E3744-0D5E-479C-97A4-0D732D8A3B67}.Release|x64.ActiveCfg = Release|Any CPU
		{F41E3744-0D5E-479C-97A4-0D732D8A3B67}.Release|x64.Build.0 = Release|Any CPU
		{F41E3744-0D5E-479C-97A4-0D732D8A3B67}.Release|x86.ActiveCfg = Release|Any CPU
		{F41E3744-0D5E-479C-97A4-0D732D8A3B67}.Release|x86.Build.0 = Release|Any CPU
	EndGlobalSection
EndGlobal
